
Microsoft Visual Studio Solution File, Format Version 12.00
# Visual Studio Version 17
VisualStudioVersion = 17.3.32922.545
MinimumVisualStudioVersion = 10.0.40219.1
Project("{9A19103F-16F7-4668-BE54-9A1E7A4F7556}") = "YoutoubeEgıtım", "YoutoubeEgıtım\YoutoubeEgıtım.csproj", "{650CCF42-BB90-48FD-BD38-089A887102AF}"
EndProject
Project("{FAE04EC0-301F-11D3-BF4B-00C04F79EFBC}") = "YoutoubeEgıtım2", "YoutoubeEgıtım2\YoutoubeEgıtım2.csproj", "{B6B15608-EA72-4596-BC9B-C23EA2008CA6}"
EndProject
Global
	GlobalSection(SolutionConfigurationPlatforms) = preSolution
		Debug|Any CPU = Debug|Any CPU
		Release|Any CPU = Release|Any CPU
	EndGlobalSection
	GlobalSection(ProjectConfigurationPlatforms) = postSolution
		{650CCF42-BB90-48FD-BD38-089A887102AF}.Debug|Any CPU.ActiveCfg = Debug|Any CPU
		{650CCF42-BB90-48FD-BD38-089A887102AF}.Debug|Any CPU.Build.0 = Debug|Any CPU
		{650CCF42-BB90-48FD-BD38-089A887102AF}.Release|Any CPU.ActiveCfg = Release|Any CPU
		{650CCF42-BB90-48FD-BD38-089A887102AF}.Release|Any CPU.Build.0 = Release|Any CPU
		{B6B15608-EA72-4596-BC9B-C23EA2008CA6}.Debug|Any CPU.ActiveCfg = Debug|Any CPU
		{B6B15608-EA72-4596-BC9B-C23EA2008CA6}.Debug|Any CPU.Build.0 = Debug|Any CPU
		{B6B15608-EA72-4596-BC9B-C23EA2008CA6}.Release|Any CPU.ActiveCfg = Release|Any CPU
		{B6B15608-EA72-4596-BC9B-C23EA2008CA6}.Release|Any CPU.Build.0 = Release|Any CPU
	EndGlobalSection
	GlobalSection(SolutionProperties) = preSolution
		HideSolutionNode = FALSE
	EndGlobalSection
	GlobalSection(ExtensibilityGlobals) = postSolution
		SolutionGuid = {A8290429-4C85-4AF2-B078-0F4E6D8F6A40}
	EndGlobalSection
EndGlobal
